
Microsoft Visual Studio Solution File, Format Version 12.00
# Visual Studio Version 17
VisualStudioVersion = 17.14.36518.9
MinimumVisualStudioVersion = 10.0.40219.1
Project("{FAE04EC0-301F-11D3-BF4B-00C04F79EFBC}") = "ConsoleApp", "ConsoleApp\ConsoleApp.csproj", "{3FE6D954-FFF2-4F1B-B179-67E019155C26}"
EndProject
Project("{FAE04EC0-301F-11D3-BF4B-00C04F79EFBC}") = "WebFormsApp", "WebFormsApp\WebFormsApp.csproj", "{467E50D2-0E8A-4789-9DE5-D94EB6D85FAB}"
EndProject
Project("{FAE04EC0-301F-11D3-BF4B-00C04F79EFBC}") = "dotnetcoreSessions", "dotnetcoreSessions\dotnetcoreSessions.csproj", "{DE296132-F745-4A13-9A39-F4F174A030C8}"
EndProject
Global
	GlobalSection(SolutionConfigurationPlatforms) = preSolution
		Debug|Any CPU = Debug|Any CPU
		Release|Any CPU = Release|Any CPU
	EndGlobalSection
	GlobalSection(ProjectConfigurationPlatforms) = postSolution
		{3FE6D954-FFF2-4F1B-B179-67E019155C26}.Debug|Any CPU.ActiveCfg = Debug|Any CPU
		{3FE6D954-FFF2-4F1B-B179-67E019155C26}.Debug|Any CPU.Build.0 = Debug|Any CPU
		{3FE6D954-FFF2-4F1B-B179-67E019155C26}.Release|Any CPU.ActiveCfg = Release|Any CPU
		{3FE6D954-FFF2-4F1B-B179-67E019155C26}.Release|Any CPU.Build.0 = Release|Any CPU
		{467E50D2-0E8A-4789-9DE5-D94EB6D85FAB}.Debug|Any CPU.ActiveCfg = Debug|Any CPU
		{467E50D2-0E8A-4789-9DE5-D94EB6D85FAB}.Debug|Any CPU.Build.0 = Debug|Any CPU
		{467E50D2-0E8A-4789-9DE5-D94EB6D85FAB}.Release|Any CPU.ActiveCfg = Release|Any CPU
		{467E50D2-0E8A-4789-9DE5-D94EB6D85FAB}.Release|Any CPU.Build.0 = Release|Any CPU
		{DE296132-F745-4A13-9A39-F4F174A030C8}.Debug|Any CPU.ActiveCfg = Debug|Any CPU
		{DE296132-F745-4A13-9A39-F4F174A030C8}.Debug|Any CPU.Build.0 = Debug|Any CPU
		{DE296132-F745-4A13-9A39-F4F174A030C8}.Release|Any CPU.ActiveCfg = Release|Any CPU
		{DE296132-F745-4A13-9A39-F4F174A030C8}.Release|Any CPU.Build.0 = Release|Any CPU
	EndGlobalSection
	GlobalSection(SolutionProperties) = preSolution
		HideSolutionNode = FALSE
	EndGlobalSection
	GlobalSection(ExtensibilityGlobals) = postSolution
		SolutionGuid = {83B72698-38B3-47D9-B79D-1256D645E960}
	EndGlobalSection
EndGlobal
