
Microsoft Visual Studio Solution File, Format Version 12.00
# Visual Studio Version 17
VisualStudioVersion = 17.14.36518.9
MinimumVisualStudioVersion = 10.0.40219.1
Project("{FAE04EC0-301F-11D3-BF4B-00C04F79EFBC}") = "ConsoleApp", "ConsoleApp\ConsoleApp.csproj", "{3FE6D954-FFF2-4F1B-B179-67E019155C26}"
EndProject
Project("{FAE04EC0-301F-11D3-BF4B-00C04F79EFBC}") = "WebFormsApp", "WebFormsApp\WebFormsApp.csproj", "{467E50D2-0E8A-4789-9DE5-D94EB6D85FAB}"
EndProject
Project("{FAE04EC0-301F-11D3-BF4B-00C04F79EFBC}") = "dotnetcoreSessions", "dotnetcoreSessions\dotnetcoreSessions.csproj", "{DE296132-F745-4A13-9A39-F4F174A030C8}"
EndProject
Project("{FAE04EC0-301F-11D3-BF4B-00C04F79EFBC}") = "LA.Entities", "LA.Entities\LA.Entities.csproj", "{62CC42BF-9D17-49BD-BD2F-DD1B7671F9CA}"
EndProject
Project("{FAE04EC0-301F-11D3-BF4B-00C04F79EFBC}") = "LA.Repositories", "LA.Repositories\LA.Repositories.csproj", "{66B07AD2-DE79-4C24-9D7C-9D4B35FC0433}"
EndProject
Project("{FAE04EC0-301F-11D3-BF4B-00C04F79EFBC}") = "LA.UI", "LA.UI\LA.UI.csproj", "{6CC374AD-9D69-4373-B375-6F0AB37B1F07}"
EndProject
Project("{FAE04EC0-301F-11D3-BF4B-00C04F79EFBC}") = "EMS.Entities", "EMS.Entities\EMS.Entities.csproj", "{C389E933-EF48-405D-AC2A-500DD00121C8}"
EndProject
Project("{FAE04EC0-301F-11D3-BF4B-00C04F79EFBC}") = "EMS.Repositories", "EMS.Repositories\EMS.Repositories.csproj", "{744DF1E8-F198-4B10-9489-EA59C02B7B17}"
EndProject
Project("{FAE04EC0-301F-11D3-BF4B-00C04F79EFBC}") = "EMS.UI", "EMS.UI\EMS.UI.csproj", "{7C41EEAA-66DC-48FA-A831-A56547688BE8}"
EndProject
Project("{FAE04EC0-301F-11D3-BF4B-00C04F79EFBC}") = "API.Sessions", "API.Sessions\API.Sessions.csproj", "{DB7BA5F9-F590-4011-9020-4B2240C0E739}"
EndProject
Global
	GlobalSection(SolutionConfigurationPlatforms) = preSolution
		Debug|Any CPU = Debug|Any CPU
		Release|Any CPU = Release|Any CPU
	EndGlobalSection
	GlobalSection(ProjectConfigurationPlatforms) = postSolution
		{3FE6D954-FFF2-4F1B-B179-67E019155C26}.Debug|Any CPU.ActiveCfg = Debug|Any CPU
		{3FE6D954-FFF2-4F1B-B179-67E019155C26}.Debug|Any CPU.Build.0 = Debug|Any CPU
		{3FE6D954-FFF2-4F1B-B179-67E019155C26}.Release|Any CPU.ActiveCfg = Release|Any CPU
		{3FE6D954-FFF2-4F1B-B179-67E019155C26}.Release|Any CPU.Build.0 = Release|Any CPU
		{467E50D2-0E8A-4789-9DE5-D94EB6D85FAB}.Debug|Any CPU.ActiveCfg = Debug|Any CPU
		{467E50D2-0E8A-4789-9DE5-D94EB6D85FAB}.Debug|Any CPU.Build.0 = Debug|Any CPU
		{467E50D2-0E8A-4789-9DE5-D94EB6D85FAB}.Release|Any CPU.ActiveCfg = Release|Any CPU
		{467E50D2-0E8A-4789-9DE5-D94EB6D85FAB}.Release|Any CPU.Build.0 = Release|Any CPU
		{DE296132-F745-4A13-9A39-F4F174A030C8}.Debug|Any CPU.ActiveCfg = Debug|Any CPU
		{DE296132-F745-4A13-9A39-F4F174A030C8}.Debug|Any CPU.Build.0 = Debug|Any CPU
		{DE296132-F745-4A13-9A39-F4F174A030C8}.Release|Any CPU.ActiveCfg = Release|Any CPU
		{DE296132-F745-4A13-9A39-F4F174A030C8}.Release|Any CPU.Build.0 = Release|Any CPU
		{62CC42BF-9D17-49BD-BD2F-DD1B7671F9CA}.Debug|Any CPU.ActiveCfg = Debug|Any CPU
		{62CC42BF-9D17-49BD-BD2F-DD1B7671F9CA}.Debug|Any CPU.Build.0 = Debug|Any CPU
		{62CC42BF-9D17-49BD-BD2F-DD1B7671F9CA}.Release|Any CPU.ActiveCfg = Release|Any CPU
		{62CC42BF-9D17-49BD-BD2F-DD1B7671F9CA}.Release|Any CPU.Build.0 = Release|Any CPU
		{66B07AD2-DE79-4C24-9D7C-9D4B35FC0433}.Debug|Any CPU.ActiveCfg = Debug|Any CPU
		{66B07AD2-DE79-4C24-9D7C-9D4B35FC0433}.Debug|Any CPU.Build.0 = Debug|Any CPU
		{66B07AD2-DE79-4C24-9D7C-9D4B35FC0433}.Release|Any CPU.ActiveCfg = Release|Any CPU
		{66B07AD2-DE79-4C24-9D7C-9D4B35FC0433}.Release|Any CPU.Build.0 = Release|Any CPU
		{6CC374AD-9D69-4373-B375-6F0AB37B1F07}.Debug|Any CPU.ActiveCfg = Debug|Any CPU
		{6CC374AD-9D69-4373-B375-6F0AB37B1F07}.Debug|Any CPU.Build.0 = Debug|Any CPU
		{6CC374AD-9D69-4373-B375-6F0AB37B1F07}.Release|Any CPU.ActiveCfg = Release|Any CPU
		{6CC374AD-9D69-4373-B375-6F0AB37B1F07}.Release|Any CPU.Build.0 = Release|Any CPU
		{C389E933-EF48-405D-AC2A-500DD00121C8}.Debug|Any CPU.ActiveCfg = Debug|Any CPU
		{C389E933-EF48-405D-AC2A-500DD00121C8}.Debug|Any CPU.Build.0 = Debug|Any CPU
		{C389E933-EF48-405D-AC2A-500DD00121C8}.Release|Any CPU.ActiveCfg = Release|Any CPU
		{C389E933-EF48-405D-AC2A-500DD00121C8}.Release|Any CPU.Build.0 = Release|Any CPU
		{744DF1E8-F198-4B10-9489-EA59C02B7B17}.Debug|Any CPU.ActiveCfg = Debug|Any CPU
		{744DF1E8-F198-4B10-9489-EA59C02B7B17}.Debug|Any CPU.Build.0 = Debug|Any CPU
		{744DF1E8-F198-4B10-9489-EA59C02B7B17}.Release|Any CPU.ActiveCfg = Release|Any CPU
		{744DF1E8-F198-4B10-9489-EA59C02B7B17}.Release|Any CPU.Build.0 = Release|Any CPU
		{7C41EEAA-66DC-48FA-A831-A56547688BE8}.Debug|Any CPU.ActiveCfg = Debug|Any CPU
		{7C41EEAA-66DC-48FA-A831-A56547688BE8}.Debug|Any CPU.Build.0 = Debug|Any CPU
		{7C41EEAA-66DC-48FA-A831-A56547688BE8}.Release|Any CPU.ActiveCfg = Release|Any CPU
		{7C41EEAA-66DC-48FA-A831-A56547688BE8}.Release|Any CPU.Build.0 = Release|Any CPU
		{DB7BA5F9-F590-4011-9020-4B2240C0E739}.Debug|Any CPU.ActiveCfg = Debug|Any CPU
		{DB7BA5F9-F590-4011-9020-4B2240C0E739}.Debug|Any CPU.Build.0 = Debug|Any CPU
		{DB7BA5F9-F590-4011-9020-4B2240C0E739}.Release|Any CPU.ActiveCfg = Release|Any CPU
		{DB7BA5F9-F590-4011-9020-4B2240C0E739}.Release|Any CPU.Build.0 = Release|Any CPU
	EndGlobalSection
	GlobalSection(SolutionProperties) = preSolution
		HideSolutionNode = FALSE
	EndGlobalSection
	GlobalSection(ExtensibilityGlobals) = postSolution
		SolutionGuid = {83B72698-38B3-47D9-B79D-1256D645E960}
	EndGlobalSection
EndGlobal
